// !$*UTF8*$!
{
	archiveVersion = 1;
	classes = {
	};
	objectVersion = 77;
	objects = {

/* Begin PBXContainerItemProxy section */
		40B88AA22D73748100E5AD40 /* PBXContainerItemProxy */ = {
			isa = PBXContainerItemProxy;
			containerPortal = 40B88A892D73748000E5AD40 /* Project object */;
			proxyType = 1;
			remoteGlobalIDString = 40B88A902D73748000E5AD40;
			remoteInfo = "Om Calendar";
		};
		40B88AAC2D73748100E5AD40 /* PBXContainerItemProxy */ = {
			isa = PBXContainerItemProxy;
			containerPortal = 40B88A892D73748000E5AD40 /* Project object */;
			proxyType = 1;
			remoteGlobalIDString = 40B88A902D73748000E5AD40;
			remoteInfo = "Om Calendar";
		};
/* End PBXContainerItemProxy section */

/* Begin PBXFileReference section */
		40B88A912D73748000E5AD40 /* Om Calendar.app */ = {isa = PBXFileReference; explicitFileType = wrapper.application; includeInIndex = 0; path = "Om Calendar.app"; sourceTree = BUILT_PRODUCTS_DIR; };
		40B88AA12D73748100E5AD40 /* Om CalendarTests.xctest */ = {isa = PBXFileReference; explicitFileType = wrapper.cfbundle; includeInIndex = 0; path = "Om CalendarTests.xctest"; sourceTree = BUILT_PRODUCTS_DIR; };
		40B88AAB2D73748100E5AD40 /* Om CalendarUITests.xctest */ = {isa = PBXFileReference; explicitFileType = wrapper.cfbundle; includeInIndex = 0; path = "Om CalendarUITests.xctest"; sourceTree = BUILT_PRODUCTS_DIR; };
/* End PBXFileReference section */

/* Begin PBXFileSystemSynchronizedRootGroup section */
		40B88A932D73748000E5AD40 /* Om Calendar */ = {
			isa = PBXFileSystemSynchronizedRootGroup;
			path = "Om Calendar";
			sourceTree = "<group>";
		};
		40B88AA42D73748100E5AD40 /* Om CalendarTests */ = {
			isa = PBXFileSystemSynchronizedRootGroup;
			path = "Om CalendarTests";
			sourceTree = "<group>";
		};
		40B88AAE2D73748100E5AD40 /* Om CalendarUITests */ = {
			isa = PBXFileSystemSynchronizedRootGroup;
			path = "Om CalendarUITests";
			sourceTree = "<group>";
		};
/* End PBXFileSystemSynchronizedRootGroup section */

/* Begin PBXFrameworksBuildPhase section */
		40B88A8E2D73748000E5AD40 /* Frameworks */ = {
			isa = PBXFrameworksBuildPhase;
			buildActionMask = 2147483647;
			files = (
			);
			runOnlyForDeploymentPostprocessing = 0;
		};
		40B88A9E2D73748100E5AD40 /* Frameworks */ = {
			isa = PBXFrameworksBuildPhase;
			buildActionMask = 2147483647;
			files = (
			);
			runOnlyForDeploymentPostprocessing = 0;
		};
		40B88AA82D73748100E5AD40 /* Frameworks */ = {
			isa = PBXFrameworksBuildPhase;
			buildActionMask = 2147483647;
			files = (
			);
			runOnlyForDeploymentPostprocessing = 0;
		};
/* End PBXFrameworksBuildPhase section */

/* Begin PBXGroup section */
		40B88A882D73748000E5AD40 = {
			isa = PBXGroup;
			children = (
				40B88A932D73748000E5AD40 /* Om Calendar */,
				40B88AA42D73748100E5AD40 /* Om CalendarTests */,
				40B88AAE2D73748100E5AD40 /* Om CalendarUITests */,
				40B88A922D73748000E5AD40 /* Products */,
			);
			sourceTree = "<group>";
		};
		40B88A922D73748000E5AD40 /* Products */ = {
			isa = PBXGroup;
			children = (
				40B88A912D73748000E5AD40 /* Om Calendar.app */,
				40B88AA12D73748100E5AD40 /* Om CalendarTests.xctest */,
				40B88AAB2D73748100E5AD40 /* Om CalendarUITests.xctest */,
			);
			name = Products;
			sourceTree = "<group>";
		};
/* End PBXGroup section */

/* Begin PBXNativeTarget section */
		40B88A902D73748000E5AD40 /* Om Calendar */ = {
			isa = PBXNativeTarget;
			buildConfigurationList = 40B88AB52D73748100E5AD40 /* Build configuration list for PBXNativeTarget "Om Calendar" */;
			buildPhases = (
				40B88A8D2D73748000E5AD40 /* Sources */,
				40B88A8E2D73748000E5AD40 /* Frameworks */,
				40B88A8F2D73748000E5AD40 /* Resources */,
			);
			buildRules = (
			);
			dependencies = (
			);
			fileSystemSynchronizedGroups = (
				40B88A932D73748000E5AD40 /* Om Calendar */,
			);
			name = "Om Calendar";
			packageProductDependencies = (
			);
			productName = "Om Calendar";
			productReference = 40B88A912D73748000E5AD40 /* Om Calendar.app */;
			productType = "com.apple.product-type.application";
		};
		40B88AA02D73748100E5AD40 /* Om CalendarTests */ = {
			isa = PBXNativeTarget;
			buildConfigurationList = 40B88AB82D73748100E5AD40 /* Build configuration list for PBXNativeTarget "Om CalendarTests" */;
			buildPhases = (
				40B88A9D2D73748100E5AD40 /* Sources */,
				40B88A9E2D73748100E5AD40 /* Frameworks */,
				40B88A9F2D73748100E5AD40 /* Resources */,
			);
			buildRules = (
			);
			dependencies = (
				40B88AA32D73748100E5AD40 /* PBXTargetDependency */,
			);
			fileSystemSynchronizedGroups = (
				40B88AA42D73748100E5AD40 /* Om CalendarTests */,
			);
			name = "Om CalendarTests";
			packageProductDependencies = (
			);
			productName = "Om CalendarTests";
			productReference = 40B88AA12D73748100E5AD40 /* Om CalendarTests.xctest */;
			productType = "com.apple.product-type.bundle.unit-test";
		};
		40B88AAA2D73748100E5AD40 /* Om CalendarUITests */ = {
			isa = PBXNativeTarget;
			buildConfigurationList = 40B88ABB2D73748100E5AD40 /* Build configuration list for PBXNativeTarget "Om CalendarUITests" */;
			buildPhases = (
				40B88AA72D73748100E5AD40 /* Sources */,
				40B88AA82D73748100E5AD40 /* Frameworks */,
				40B88AA92D73748100E5AD40 /* Resources */,
			);
			buildRules = (
			);
			dependencies = (
				40B88AAD2D73748100E5AD40 /* PBXTargetDependency */,
			);
			fileSystemSynchronizedGroups = (
				40B88AAE2D73748100E5AD40 /* Om CalendarUITests */,
			);
			name = "Om CalendarUITests";
			packageProductDependencies = (
			);
			productName = "Om CalendarUITests";
			productReference = 40B88AAB2D73748100E5AD40 /* Om CalendarUITests.xctest */;
			productType = "com.apple.product-type.bundle.ui-testing";
		};
/* End PBXNativeTarget section */

/* Begin PBXProject section */
		40B88A892D73748000E5AD40 /* Project object */ = {
			isa = PBXProject;
			attributes = {
				BuildIndependentTargetsInParallel = 1;
				LastSwiftUpdateCheck = 1610;
				LastUpgradeCheck = 1610;
				TargetAttributes = {
					40B88A902D73748000E5AD40 = {
						CreatedOnToolsVersion = 16.1;
					};
					40B88AA02D73748100E5AD40 = {
						CreatedOnToolsVersion = 16.1;
						TestTargetID = 40B88A902D73748000E5AD40;
					};
					40B88AAA2D73748100E5AD40 = {
						CreatedOnToolsVersion = 16.1;
						TestTargetID = 40B88A902D73748000E5AD40;
					};
				};
			};
			buildConfigurationList = 40B88A8C2D73748000E5AD40 /* Build configuration list for PBXProject "Om Calendar" */;
			developmentRegion = en;
			hasScannedForEncodings = 0;
			knownRegions = (
				en,
				Base,
			);
			mainGroup = 40B88A882D73748000E5AD40;
			minimizedProjectReferenceProxies = 1;
			preferredProjectObjectVersion = 77;
			productRefGroup = 40B88A922D73748000E5AD40 /* Products */;
			projectDirPath = "";
			projectRoot = "";
			targets = (
				40B88A902D73748000E5AD40 /* Om Calendar */,
				40B88AA02D73748100E5AD40 /* Om CalendarTests */,
				40B88AAA2D73748100E5AD40 /* Om CalendarUITests */,
			);
		};
/* End PBXProject section */

/* Begin PBXResourcesBuildPhase section */
		40B88A8F2D73748000E5AD40 /* Resources */ = {
			isa = PBXResourcesBuildPhase;
			buildActionMask = 2147483647;
			files = (
			);
			runOnlyForDeploymentPostprocessing = 0;
		};
		40B88A9F2D73748100E5AD40 /* Resources */ = {
			isa = PBXResourcesBuildPhase;
			buildActionMask = 2147483647;
			files = (
			);
			runOnlyForDeploymentPostprocessing = 0;
		};
		40B88AA92D73748100E5AD40 /* Resources */ = {
			isa = PBXResourcesBuildPhase;
			buildActionMask = 2147483647;
			files = (
			);
			runOnlyForDeploymentPostprocessing = 0;
		};
/* End PBXResourcesBuildPhase section */

/* Begin PBXSourcesBuildPhase section */
		40B88A8D2D73748000E5AD40 /* Sources */ = {
			isa = PBXSourcesBuildPhase;
			buildActionMask = 2147483647;
			files = (
			);
			runOnlyForDeploymentPostprocessing = 0;
		};
		40B88A9D2D73748100E5AD40 /* Sources */ = {
			isa = PBXSourcesBuildPhase;
			buildActionMask = 2147483647;
			files = (
			);
			runOnlyForDeploymentPostprocessing = 0;
		};
		40B88AA72D73748100E5AD40 /* Sources */ = {
			isa = PBXSourcesBuildPhase;
			buildActionMask = 2147483647;
			files = (
			);
			runOnlyForDeploymentPostprocessing = 0;
		};
/* End PBXSourcesBuildPhase section */

/* Begin PBXTargetDependency section */
		40B88AA32D73748100E5AD40 /* PBXTargetDependency */ = {
			isa = PBXTargetDependency;
			target = 40B88A902D73748000E5AD40 /* Om Calendar */;
			targetProxy = 40B88AA22D73748100E5AD40 /* PBXContainerItemProxy */;
		};
		40B88AAD2D73748100E5AD40 /* PBXTargetDependency */ = {
			isa = PBXTargetDependency;
			target = 40B88A902D73748000E5AD40 /* Om Calendar */;
			targetProxy = 40B88AAC2D73748100E5AD40 /* PBXContainerItemProxy */;
		};
/* End PBXTargetDependency section */

/* Begin XCBuildConfiguration section */
		40B88AB32D73748100E5AD40 /* Debug */ = {
			isa = XCBuildConfiguration;
			buildSettings = {
				ALWAYS_SEARCH_USER_PATHS = NO;
				ASSETCATALOG_COMPILER_GENERATE_SWIFT_ASSET_SYMBOL_EXTENSIONS = YES;
				CLANG_ANALYZER_NONNULL = YES;
				CLANG_ANALYZER_NUMBER_OBJECT_CONVERSION = YES_AGGRESSIVE;
				CLANG_CXX_LANGUAGE_STANDARD = "gnu++20";
				CLANG_ENABLE_MODULES = YES;
				CLANG_ENABLE_OBJC_ARC = YES;
				CLANG_ENABLE_OBJC_WEAK = YES;
				CLANG_WARN_BLOCK_CAPTURE_AUTORELEASING = YES;
				CLANG_WARN_BOOL_CONVERSION = YES;
				CLANG_WARN_COMMA = YES;
				CLANG_WARN_CONSTANT_CONVERSION = YES;
				CLANG_WARN_DEPRECATED_OBJC_IMPLEMENTATIONS = YES;
				CLANG_WARN_DIRECT_OBJC_ISA_USAGE = YES_ERROR;
				CLANG_WARN_DOCUMENTATION_COMMENTS = YES;
				CLANG_WARN_EMPTY_BODY = YES;
				CLANG_WARN_ENUM_CONVERSION = YES;
				CLANG_WARN_INFINITE_RECURSION = YES;
				CLANG_WARN_INT_CONVERSION = YES;
				CLANG_WARN_NON_LITERAL_NULL_CONVERSION = YES;
				CLANG_WARN_OBJC_IMPLICIT_RETAIN_SELF = YES;
				CLANG_WARN_OBJC_LITERAL_CONVERSION = YES;
				CLANG_WARN_OBJC_ROOT_CLASS = YES_ERROR;
				CLANG_WARN_QUOTED_INCLUDE_IN_FRAMEWORK_HEADER = YES;
				CLANG_WARN_RANGE_LOOP_ANALYSIS = YES;
				CLANG_WARN_STRICT_PROTOTYPES = YES;
				CLANG_WARN_SUSPICIOUS_MOVE = YES;
				CLANG_WARN_UNGUARDED_AVAILABILITY = YES_AGGRESSIVE;
				CLANG_WARN_UNREACHABLE_CODE = YES;
				CLANG_WARN__DUPLICATE_METHOD_MATCH = YES;
				COPY_PHASE_STRIP = NO;
				DEBUG_INFORMATION_FORMAT = dwarf;
				ENABLE_STRICT_OBJC_MSGSEND = YES;
				ENABLE_TESTABILITY = YES;
				ENABLE_USER_SCRIPT_SANDBOXING = YES;
				GCC_C_LANGUAGE_STANDARD = gnu17;
				GCC_DYNAMIC_NO_PIC = NO;
				GCC_NO_COMMON_BLOCKS = YES;
				GCC_OPTIMIZATION_LEVEL = 0;
				GCC_PREPROCESSOR_DEFINITIONS = (
					"DEBUG=1",
					"$(inherited)",
				);
				GCC_WARN_64_TO_32_BIT_CONVERSION = YES;
				GCC_WARN_ABOUT_RETURN_TYPE = YES_ERROR;
				GCC_WARN_UNDECLARED_SELECTOR = YES;
				GCC_WARN_UNINITIALIZED_AUTOS = YES_AGGRESSIVE;
				GCC_WARN_UNUSED_FUNCTION = YES;
				GCC_WARN_UNUSED_VARIABLE = YES;
				IPHONEOS_DEPLOYMENT_TARGET = 18.1;
				LOCALIZATION_PREFERS_STRING_CATALOGS = YES;
				MTL_ENABLE_DEBUG_INFO = INCLUDE_SOURCE;
				MTL_FAST_MATH = YES;
				ONLY_ACTIVE_ARCH = YES;
				SDKROOT = iphoneos;
				SWIFT_ACTIVE_COMPILATION_CONDITIONS = "DEBUG $(inherited)";
				SWIFT_OPTIMIZATION_LEVEL = "-Onone";
			};
			name = Debug;
		};
		40B88AB42D73748100E5AD40 /* Release */ = {
			isa = XCBuildConfiguration;
			buildSettings = {
				ALWAYS_SEARCH_USER_PATHS = NO;
				ASSETCATALOG_COMPILER_GENERATE_SWIFT_ASSET_SYMBOL_EXTENSIONS = YES;
				CLANG_ANALYZER_NONNULL = YES;
				CLANG_ANALYZER_NUMBER_OBJECT_CONVERSION = YES_AGGRESSIVE;
				CLANG_CXX_LANGUAGE_STANDARD = "gnu++20";
				CLANG_ENABLE_MODULES = YES;
				CLANG_ENABLE_OBJC_ARC = YES;
				CLANG_ENABLE_OBJC_WEAK = YES;
				CLANG_WARN_BLOCK_CAPTURE_AUTORELEASING = YES;
				CLANG_WARN_BOOL_CONVERSION = YES;
				CLANG_WARN_COMMA = YES;
				CLANG_WARN_CONSTANT_CONVERSION = YES;
				CLANG_WARN_DEPRECATED_OBJC_IMPLEMENTATIONS = YES;
				CLANG_WARN_DIRECT_OBJC_ISA_USAGE = YES_ERROR;
				CLANG_WARN_DOCUMENTATION_COMMENTS = YES;
				CLANG_WARN_EMPTY_BODY = YES;
				CLANG_WARN_ENUM_CONVERSION = YES;
				CLANG_WARN_INFINITE_RECURSION = YES;
				CLANG_WARN_INT_CONVERSION = YES;
				CLANG_WARN_NON_LITERAL_NULL_CONVERSION = YES;
				CLANG_WARN_OBJC_IMPLICIT_RETAIN_SELF = YES;
				CLANG_WARN_OBJC_LITERAL_CONVERSION = YES;
				CLANG_WARN_OBJC_ROOT_CLASS = YES_ERROR;
				CLANG_WARN_QUOTED_INCLUDE_IN_FRAMEWORK_HEADER = YES;
				CLANG_WARN_RANGE_LOOP_ANALYSIS = YES;
				CLANG_WARN_STRICT_PROTOTYPES = YES;
				CLANG_WARN_SUSPICIOUS_MOVE = YES;
				CLANG_WARN_UNGUARDED_AVAILABILITY = YES_AGGRESSIVE;
				CLANG_WARN_UNREACHABLE_CODE = YES;
				CLANG_WARN__DUPLICATE_METHOD_MATCH = YES;
				COPY_PHASE_STRIP = NO;
				DEBUG_INFORMATION_FORMAT = "dwarf-with-dsym";
				ENABLE_NS_ASSERTIONS = NO;
				ENABLE_STRICT_OBJC_MSGSEND = YES;
				ENABLE_USER_SCRIPT_SANDBOXING = YES;
				GCC_C_LANGUAGE_STANDARD = gnu17;
				GCC_NO_COMMON_BLOCKS = YES;
				GCC_WARN_64_TO_32_BIT_CONVERSION = YES;
				GCC_WARN_ABOUT_RETURN_TYPE = YES_ERROR;
				GCC_WARN_UNDECLARED_SELECTOR = YES;
				GCC_WARN_UNINITIALIZED_AUTOS = YES_AGGRESSIVE;
				GCC_WARN_UNUSED_FUNCTION = YES;
				GCC_WARN_UNUSED_VARIABLE = YES;
				IPHONEOS_DEPLOYMENT_TARGET = 18.1;
				LOCALIZATION_PREFERS_STRING_CATALOGS = YES;
				MTL_ENABLE_DEBUG_INFO = NO;
				MTL_FAST_MATH = YES;
				SDKROOT = iphoneos;
				SWIFT_COMPILATION_MODE = wholemodule;
				VALIDATE_PRODUCT = YES;
			};
			name = Release;
		};
		40B88AB62D73748100E5AD40 /* Debug */ = {
			isa = XCBuildConfiguration;
			buildSettings = {
				ASSETCATALOG_COMPILER_APPICON_NAME = AppIcon;
				ASSETCATALOG_COMPILER_GLOBAL_ACCENT_COLOR_NAME = AccentColor;
				ASSETCATALOG_COMPILER_INCLUDE_ALL_APPICON_ASSETS = YES;
				CODE_SIGN_STYLE = Automatic;
				CURRENT_PROJECT_VERSION = 1;
				DEVELOPMENT_ASSET_PATHS = "\"Om Calendar/Preview Content\"";
				DEVELOPMENT_TEAM = KX9B67F8HJ;
				ENABLE_PREVIEWS = YES;
				GENERATE_INFOPLIST_FILE = YES;
				INFOPLIST_FILE = "Om-Calendar-Info.plist";
				INFOPLIST_KEY_CFBundleDisplayName = "Om Calendar";
				INFOPLIST_KEY_LSApplicationCategoryType = "public.app-category.lifestyle";
				INFOPLIST_KEY_NSLocationAlwaysAndWhenInUseUsageDescription = "This app needs your location to display coordinates";
				INFOPLIST_KEY_NSLocationAlwaysUsageDescription = "This app needs your location to display coordinates";
				INFOPLIST_KEY_NSLocationWhenInUseUsageDescription = "This app needs your location to display coordinates";
				INFOPLIST_KEY_UIApplicationSceneManifest_Generation = YES;
				INFOPLIST_KEY_UIApplicationSupportsIndirectInputEvents = YES;
				INFOPLIST_KEY_UILaunchStoryboardName = "Launch Screen";
				INFOPLIST_KEY_UISupportedInterfaceOrientations_iPad = "UIInterfaceOrientationPortrait UIInterfaceOrientationPortraitUpsideDown UIInterfaceOrientationLandscapeLeft UIInterfaceOrientationLandscapeRight";
				INFOPLIST_KEY_UISupportedInterfaceOrientations_iPhone = "UIInterfaceOrientationPortrait UIInterfaceOrientationLandscapeLeft UIInterfaceOrientationLandscapeRight";
				INFOPLIST_KEY_UIUserInterfaceStyle = Dark;
				IPHONEOS_DEPLOYMENT_TARGET = 18.0;
				LD_RUNPATH_SEARCH_PATHS = (
					"$(inherited)",
					"@executable_path/Frameworks",
				);
				MARKETING_VERSION = 1.0;
				PRODUCT_BUNDLE_IDENTIFIER = "Vibe-Coders.Om-Calendar";
				PRODUCT_NAME = "$(TARGET_NAME)";
				SWIFT_EMIT_LOC_STRINGS = YES;
				SWIFT_VERSION = 5.0;
				TARGETED_DEVICE_FAMILY = "1,2";
			};
			name = Debug;
		};
		40B88AB72D73748100E5AD40 /* Release */ = {
			isa = XCBuildConfiguration;
			buildSettings = {
				ASSETCATALOG_COMPILER_APPICON_NAME = AppIcon;
				ASSETCATALOG_COMPILER_GLOBAL_ACCENT_COLOR_NAME = AccentColor;
				ASSETCATALOG_COMPILER_INCLUDE_ALL_APPICON_ASSETS = YES;
				CODE_SIGN_STYLE = Automatic;
				CURRENT_PROJECT_VERSION = 1;
				DEVELOPMENT_ASSET_PATHS = "\"Om Calendar/Preview Content\"";
				DEVELOPMENT_TEAM = KX9B67F8HJ;
				ENABLE_PREVIEWS = YES;
				GENERATE_INFOPLIST_FILE = YES;
				INFOPLIST_FILE = "Om-Calendar-Info.plist";
				INFOPLIST_KEY_CFBundleDisplayName = "Om Calendar";
				INFOPLIST_KEY_LSApplicationCategoryType = "public.app-category.lifestyle";
				INFOPLIST_KEY_NSLocationAlwaysAndWhenInUseUsageDescription = "This app needs your location to display coordinates";
				INFOPLIST_KEY_NSLocationAlwaysUsageDescription = "This app needs your location to display coordinates";
				INFOPLIST_KEY_NSLocationWhenInUseUsageDescription = "This app needs your location to display coordinates";
				INFOPLIST_KEY_UIApplicationSceneManifest_Generation = YES;
				INFOPLIST_KEY_UIApplicationSupportsIndirectInputEvents = YES;
				INFOPLIST_KEY_UILaunchStoryboardName = "Launch Screen";
				INFOPLIST_KEY_UISupportedInterfaceOrientations_iPad = "UIInterfaceOrientationPortrait UIInterfaceOrientationPortraitUpsideDown UIInterfaceOrientationLandscapeLeft UIInterfaceOrientationLandscapeRight";
				INFOPLIST_KEY_UISupportedInterfaceOrientations_iPhone = "UIInterfaceOrientationPortrait UIInterfaceOrientationLandscapeLeft UIInterfaceOrientationLandscapeRight";
				INFOPLIST_KEY_UIUserInterfaceStyle = Dark;
				IPHONEOS_DEPLOYMENT_TARGET = 18.0;
				LD_RUNPATH_SEARCH_PATHS = (
					"$(inherited)",
					"@executable_path/Frameworks",
				);
				MARKETING_VERSION = 1.0;
				PRODUCT_BUNDLE_IDENTIFIER = "Vibe-Coders.Om-Calendar";
				PRODUCT_NAME = "$(TARGET_NAME)";
				SWIFT_EMIT_LOC_STRINGS = YES;
				SWIFT_VERSION = 5.0;
				TARGETED_DEVICE_FAMILY = "1,2";
			};
			name = Release;
		};
		40B88AB92D73748100E5AD40 /* Debug */ = {
			isa = XCBuildConfiguration;
			buildSettings = {
				BUNDLE_LOADER = "$(TEST_HOST)";
				CODE_SIGN_STYLE = Automatic;
				CURRENT_PROJECT_VERSION = 1;
				GENERATE_INFOPLIST_FILE = YES;
				IPHONEOS_DEPLOYMENT_TARGET = 18.1;
				MARKETING_VERSION = 1.0;
				PRODUCT_BUNDLE_IDENTIFIER = "Vibe-Coders.Om-CalendarTests";
				PRODUCT_NAME = "$(TARGET_NAME)";
				SWIFT_EMIT_LOC_STRINGS = NO;
				SWIFT_VERSION = 5.0;
				TARGETED_DEVICE_FAMILY = "1,2";
				TEST_HOST = "$(BUILT_PRODUCTS_DIR)/Om Calendar.app/$(BUNDLE_EXECUTABLE_FOLDER_PATH)/Om Calendar";
			};
			name = Debug;
		};
		40B88ABA2D73748100E5AD40 /* Release */ = {
			isa = XCBuildConfiguration;
			buildSettings = {
				BUNDLE_LOADER = "$(TEST_HOST)";
				CODE_SIGN_STYLE = Automatic;
				CURRENT_PROJECT_VERSION = 1;
				GENERATE_INFOPLIST_FILE = YES;
				IPHONEOS_DEPLOYMENT_TARGET = 18.1;
				MARKETING_VERSION = 1.0;
				PRODUCT_BUNDLE_IDENTIFIER = "Vibe-Coders.Om-CalendarTests";
				PRODUCT_NAME = "$(TARGET_NAME)";
				SWIFT_EMIT_LOC_STRINGS = NO;
				SWIFT_VERSION = 5.0;
				TARGETED_DEVICE_FAMILY = "1,2";
				TEST_HOST = "$(BUILT_PRODUCTS_DIR)/Om Calendar.app/$(BUNDLE_EXECUTABLE_FOLDER_PATH)/Om Calendar";
			};
			name = Release;
		};
		40B88ABC2D73748100E5AD40 /* Debug */ = {
			isa = XCBuildConfiguration;
			buildSettings = {
				CODE_SIGN_STYLE = Automatic;
				CURRENT_PROJECT_VERSION = 1;
				GENERATE_INFOPLIST_FILE = YES;
				MARKETING_VERSION = 1.0;
				PRODUCT_BUNDLE_IDENTIFIER = "Vibe-Coders.Om-CalendarUITests";
				PRODUCT_NAME = "$(TARGET_NAME)";
				SWIFT_EMIT_LOC_STRINGS = NO;
				SWIFT_VERSION = 5.0;
				TARGETED_DEVICE_FAMILY = "1,2";
				TEST_TARGET_NAME = "Om Calendar";
			};
			name = Debug;
		};
		40B88ABD2D73748100E5AD40 /* Release */ = {
			isa = XCBuildConfiguration;
			buildSettings = {
				CODE_SIGN_STYLE = Automatic;
				CURRENT_PROJECT_VERSION = 1;
				GENERATE_INFOPLIST_FILE = YES;
				MARKETING_VERSION = 1.0;
				PRODUCT_BUNDLE_IDENTIFIER = "Vibe-Coders.Om-CalendarUITests";
				PRODUCT_NAME = "$(TARGET_NAME)";
				SWIFT_EMIT_LOC_STRINGS = NO;
				SWIFT_VERSION = 5.0;
				TARGETED_DEVICE_FAMILY = "1,2";
				TEST_TARGET_NAME = "Om Calendar";
			};
			name = Release;
		};
/* End XCBuildConfiguration section */

/* Begin XCConfigurationList section */
		40B88A8C2D73748000E5AD40 /* Build configuration list for PBXProject "Om Calendar" */ = {
			isa = XCConfigurationList;
			buildConfigurations = (
				40B88AB32D73748100E5AD40 /* Debug */,
				40B88AB42D73748100E5AD40 /* Release */,
			);
			defaultConfigurationIsVisible = 0;
			defaultConfigurationName = Release;
		};
		40B88AB52D73748100E5AD40 /* Build configuration list for PBXNativeTarget "Om Calendar" */ = {
			isa = XCConfigurationList;
			buildConfigurations = (
				40B88AB62D73748100E5AD40 /* Debug */,
				40B88AB72D73748100E5AD40 /* Release */,
			);
			defaultConfigurationIsVisible = 0;
			defaultConfigurationName = Release;
		};
		40B88AB82D73748100E5AD40 /* Build configuration list for PBXNativeTarget "Om CalendarTests" */ = {
			isa = XCConfigurationList;
			buildConfigurations = (
				40B88AB92D73748100E5AD40 /* Debug */,
				40B88ABA2D73748100E5AD40 /* Release */,
			);
			defaultConfigurationIsVisible = 0;
			defaultConfigurationName = Release;
		};
		40B88ABB2D73748100E5AD40 /* Build configuration list for PBXNativeTarget "Om CalendarUITests" */ = {
			isa = XCConfigurationList;
			buildConfigurations = (
				40B88ABC2D73748100E5AD40 /* Debug */,
				40B88ABD2D73748100E5AD40 /* Release */,
			);
			defaultConfigurationIsVisible = 0;
			defaultConfigurationName = Release;
		};
/* End XCConfigurationList section */
	};
	rootObject = 40B88A892D73748000E5AD40 /* Project object */;
}
